
Microsoft Visual Studio Solution File, Format Version 12.00
# Visual Studio Version 16
VisualStudioVersion = 16.6.30114.105
MinimumVisualStudioVersion = 10.0.40219.1
Project("{9A19103F-16F7-4668-BE54-9A1E7A4F7556}") = "MegaTFLT", "MegaTFLT\MegaTFLT.csproj", "{34AB0366-A668-4297-B8B1-BF4C206DC814}"
EndProject
Project("{9A19103F-16F7-4668-BE54-9A1E7A4F7556}") = "CommonMegaAp11", "CommonMegaAp11\CommonMegaAp11.csproj", "{F05EA414-6C82-49AA-B738-052634333061}"
EndProject
Project("{9A19103F-16F7-4668-BE54-9A1E7A4F7556}") = "MegaEcmBackEnd", "MegaEcmBackEnd\MegaEcmBackEnd.csproj", "{8D7D025A-8668-42B0-BBC8-9EBD6B321791}"
EndProject
Project("{9A19103F-16F7-4668-BE54-9A1E7A4F7556}") = "MegaTFLT.Tests", "MegaTFLT.Tests\MegaTFLT.Tests.csproj", "{B300405E-B739-4A4E-85ED-1E87806D96A7}"
EndProject
Global
	GlobalSection(SolutionConfigurationPlatforms) = preSolution
		Debug|Any CPU = Debug|Any CPU
		Debug|x64 = Debug|x64
		Debug|x86 = Debug|x86
		Release|Any CPU = Release|Any CPU
		Release|x64 = Release|x64
		Release|x86 = Release|x86
	EndGlobalSection
	GlobalSection(ProjectConfigurationPlatforms) = postSolution
		{34AB0366-A668-4297-B8B1-BF4C206DC814}.Debug|Any CPU.ActiveCfg = Debug|Any CPU
		{34AB0366-A668-4297-B8B1-BF4C206DC814}.Debug|Any CPU.Build.0 = Debug|Any CPU
		{34AB0366-A668-4297-B8B1-BF4C206DC814}.Debug|x64.ActiveCfg = Debug|Any CPU
		{34AB0366-A668-4297-B8B1-BF4C206DC814}.Debug|x64.Build.0 = Debug|Any CPU
		{34AB0366-A668-4297-B8B1-BF4C206DC814}.Debug|x86.ActiveCfg = Debug|Any CPU
		{34AB0366-A668-4297-B8B1-BF4C206DC814}.Debug|x86.Build.0 = Debug|Any CPU
		{34AB0366-A668-4297-B8B1-BF4C206DC814}.Release|Any CPU.ActiveCfg = Release|Any CPU
		{34AB0366-A668-4297-B8B1-BF4C206DC814}.Release|Any CPU.Build.0 = Release|Any CPU
		{34AB0366-A668-4297-B8B1-BF4C206DC814}.Release|x64.ActiveCfg = Release|Any CPU
		{34AB0366-A668-4297-B8B1-BF4C206DC814}.Release|x64.Build.0 = Release|Any CPU
		{34AB0366-A668-4297-B8B1-BF4C206DC814}.Release|x86.ActiveCfg = Release|Any CPU
		{34AB0366-A668-4297-B8B1-BF4C206DC814}.Release|x86.Build.0 = Release|Any CPU
		{F05EA414-6C82-49AA-B738-052634333061}.Debug|Any CPU.ActiveCfg = Debug|Any CPU
		{F05EA414-6C82-49AA-B738-052634333061}.Debug|Any CPU.Build.0 = Debug|Any CPU
		{F05EA414-6C82-49AA-B738-052634333061}.Debug|x64.ActiveCfg = Debug|Any CPU
		{F05EA414-6C82-49AA-B738-052634333061}.Debug|x64.Build.0 = Debug|Any CPU
		{F05EA414-6C82-49AA-B738-052634333061}.Debug|x86.ActiveCfg = Debug|Any CPU
		{F05EA414-6C82-49AA-B738-052634333061}.Debug|x86.Build.0 = Debug|Any CPU
		{F05EA414-6C82-49AA-B738-052634333061}.Release|Any CPU.ActiveCfg = Release|Any CPU
		{F05EA414-6C82-49AA-B738-052634333061}.Release|Any CPU.Build.0 = Release|Any CPU
		{F05EA414-6C82-49AA-B738-052634333061}.Release|x64.ActiveCfg = Release|Any CPU
		{F05EA414-6C82-49AA-B738-052634333061}.Release|x64.Build.0 = Release|Any CPU
		{F05EA414-6C82-49AA-B738-052634333061}.Release|x86.ActiveCfg = Release|Any CPU
		{F05EA414-6C82-49AA-B738-052634333061}.Release|x86.Build.0 = Release|Any CPU
		{8D7D025A-8668-42B0-BBC8-9EBD6B321791}.Debug|Any CPU.ActiveCfg = Debug|Any CPU
		{8D7D025A-8668-42B0-BBC8-9EBD6B321791}.Debug|Any CPU.Build.0 = Debug|Any CPU
		{8D7D025A-8668-42B0-BBC8-9EBD6B321791}.Debug|x64.ActiveCfg = Debug|Any CPU
		{8D7D025A-8668-42B0-BBC8-9EBD6B321791}.Debug|x64.Build.0 = Debug|Any CPU
		{8D7D025A-8668-42B0-BBC8-9EBD6B321791}.Debug|x86.ActiveCfg = Debug|Any CPU
		{8D7D025A-8668-42B0-BBC8-9EBD6B321791}.Debug|x86.Build.0 = Debug|Any CPU
		{8D7D025A-8668-42B0-BBC8-9EBD6B321791}.Release|Any CPU.ActiveCfg = Release|Any CPU
		{8D7D025A-8668-42B0-BBC8-9EBD6B321791}.Release|Any CPU.Build.0 = Release|Any CPU
		{8D7D025A-8668-42B0-BBC8-9EBD6B321791}.Release|x64.ActiveCfg = Release|Any CPU
		{8D7D025A-8668-42B0-BBC8-9EBD6B321791}.Release|x64.Build.0 = Release|Any CPU
		{8D7D025A-8668-42B0-BBC8-9EBD6B321791}.Release|x86.ActiveCfg = Release|Any CPU
		{8D7D025A-8668-42B0-BBC8-9EBD6B321791}.Release|x86.Build.0 = Release|Any CPU
		{B300405E-B739-4A4E-85ED-1E87806D96A7}.Debug|Any CPU.ActiveCfg = Debug|Any CPU
		{B300405E-B739-4A4E-85ED-1E87806D96A7}.Debug|Any CPU.Build.0 = Debug|Any CPU
		{B300405E-B739-4A4E-85ED-1E87806D96A7}.Debug|x64.ActiveCfg = Debug|Any CPU
		{B300405E-B739-4A4E-85ED-1E87806D96A7}.Debug|x64.Build.0 = Debug|Any CPU
		{B300405E-B739-4A4E-85ED-1E87806D96A7}.Debug|x86.ActiveCfg = Debug|Any CPU
		{B300405E-B739-4A4E-85ED-1E87806D96A7}.Debug|x86.Build.0 = Debug|Any CPU
		{B300405E-B739-4A4E-85ED-1E87806D96A7}.Release|Any CPU.ActiveCfg = Release|Any CPU
		{B300405E-B739-4A4E-85ED-1E87806D96A7}.Release|Any CPU.Build.0 = Release|Any CPU
		{B300405E-B739-4A4E-85ED-1E87806D96A7}.Release|x64.ActiveCfg = Release|Any CPU
		{B300405E-B739-4A4E-85ED-1E87806D96A7}.Release|x64.Build.0 = Release|Any CPU
		{B300405E-B739-4A4E-85ED-1E87806D96A7}.Release|x86.ActiveCfg = Release|Any CPU
		{B300405E-B739-4A4E-85ED-1E87806D96A7}.Release|x86.Build.0 = Release|Any CPU
	EndGlobalSection
	GlobalSection(SolutionProperties) = preSolution
		HideSolutionNode = FALSE
	EndGlobalSection
	GlobalSection(ExtensibilityGlobals) = postSolution
		SolutionGuid = {15FD4335-DD2A-42DA-A897-AF99A631EDE9}
	EndGlobalSection
EndGlobal
